# THIS IS AN AUTOGENERATED FILE. DO NOT EDIT THIS FILE DIRECTLY.
# yarn lockfile v1


"@inabagumi/prettier-config@^2.0.0":
  version "2.0.0"
  resolved "https://registry.yarnpkg.com/@inabagumi/prettier-config/-/prettier-config-2.0.0.tgz#a6087e00f49ed8d1de53301dbd7391a3bacbe509"
  integrity sha512-b5tcbqpJv4gmJca3SQrRQ+QH/cDlMV5rS9gi9zTPXtIRGMByR4hLMuIffkknbKTOQ5UrDjvrWBbzY1mfw5geJA==

prettier@~2.5.1:
  version "2.5.1"
  resolved "https://registry.yarnpkg.com/prettier/-/prettier-2.5.1.tgz#fff75fa9d519c54cf0fce328c1017d94546bc56a"
  integrity sha512-vBZcPRUR5MZJwoyi3ZoyQlc1rXeEck8KgeC9AwwOn+exuxLxq5toTRDTSaVrXHxelDMHy9zlicw8u66yxoSUFg==
