# THIS IS AN AUTOGENERATED FILE. DO NOT EDIT THIS FILE DIRECTLY.
# yarn lockfile v1


"@inabagumi/prettier-config@^3.0.0":
  version "3.0.0"
  resolved "https://registry.yarnpkg.com/@inabagumi/prettier-config/-/prettier-config-3.0.0.tgz#2068cd0bd7a79e887bbb5f3a6c7e22fe43a228ae"
  integrity sha512-C6SXKNTQ5Zd7+b/cDRlXpkzTcecbq0lsWFpIe+oxo4zIf6fuyi0/CS4w8vcviZI5QEQSU/mXBha/VF0ulyzZtQ==

prettier@~3.7.4:
  version "3.7.4"
  resolved "https://registry.yarnpkg.com/prettier/-/prettier-3.7.4.tgz#d2f8335d4b1cec47e1c8098645411b0c9dff9c0f"
  integrity sha512-v6UNi1+3hSlVvv8fSaoUbggEM5VErKmmpGA7Pl3HF8V6uKY7rvClBOJlH6yNwQtfTueNkGVpOv/mtWL9L4bgRA==
