# THIS IS AN AUTOGENERATED FILE. DO NOT EDIT THIS FILE DIRECTLY.
# yarn lockfile v1


"@inabagumi/prettier-config@^2.0.2":
  version "2.0.2"
  resolved "https://registry.yarnpkg.com/@inabagumi/prettier-config/-/prettier-config-2.0.2.tgz#0ac9ae0713980ec2391730323b7d25fa9e1c0959"
  integrity sha512-R35xTbZ0QeZ31k6S8KoSpzDSPPbFggYE6DgoVpW4cwIHF9VwAWToTfxd7vJ4J7m1rmMIJMWSvuYmPu1lvEcBNw==

prettier@~3.2.3:
  version "3.2.3"
  resolved "https://registry.yarnpkg.com/prettier/-/prettier-3.2.3.tgz#98501d99141a9a10d5ceaf74cf39c8b7cbddd380"
  integrity sha512-QNhUTBq+mqt1oH1dTfY3phOKNhcDdJkfttHI6u0kj7M2+c+7fmNKlgh2GhnHiqMcbxJ+a0j2igz/2jfl9QKLuw==
